
Microsoft Visual Studio Solution File, Format Version 12.00
# Visual Studio Version 17
VisualStudioVersion = 17.0.31903.59
MinimumVisualStudioVersion = 10.0.40219.1
Project("{2150E333-8FDC-42A3-9474-1A3956D46DE8}") = "src", "src", "{827E0CD3-B72D-47B6-A68D-7590B98EB39B}"
EndProject
Project("{FAE04EC0-301F-11D3-BF4B-00C04F79EFBC}") = "SharpNinja.FeatureFlags.Abstractions", "src\SharpNinja.FeatureFlags.Abstractions\SharpNinja.FeatureFlags.Abstractions.csproj", "{D66A95EF-1873-429E-AA39-C2DF5AE3A207}"
EndProject
Project("{FAE04EC0-301F-11D3-BF4B-00C04F79EFBC}") = "SharpNinja.FeatureFlags.Admin.Data.Postgres", "src\SharpNinja.FeatureFlags.Admin.Data.Postgres\SharpNinja.FeatureFlags.Admin.Data.Postgres.csproj", "{509301FB-6287-4291-AD87-92B648970504}"
EndProject
Project("{FAE04EC0-301F-11D3-BF4B-00C04F79EFBC}") = "SharpNinja.FeatureFlags.Admin.Data.Sqlite", "src\SharpNinja.FeatureFlags.Admin.Data.Sqlite\SharpNinja.FeatureFlags.Admin.Data.Sqlite.csproj", "{0CCA5C57-CB4E-4C45-96B6-620221CB0E48}"
EndProject
Project("{FAE04EC0-301F-11D3-BF4B-00C04F79EFBC}") = "SharpNinja.FeatureFlags.Admin.Data.SqlServer", "src\SharpNinja.FeatureFlags.Admin.Data.SqlServer\SharpNinja.FeatureFlags.Admin.Data.SqlServer.csproj", "{660CF15C-FC53-4EFC-A337-AF31D5DF647C}"
EndProject
Project("{FAE04EC0-301F-11D3-BF4B-00C04F79EFBC}") = "SharpNinja.FeatureFlags.Admin.Data", "src\SharpNinja.FeatureFlags.Admin.Data\SharpNinja.FeatureFlags.Admin.Data.csproj", "{C7D30B51-42BA-4553-8770-F39B35113D3C}"
EndProject
Project("{FAE04EC0-301F-11D3-BF4B-00C04F79EFBC}") = "SharpNinja.FeatureFlags.Admin", "src\SharpNinja.FeatureFlags.Admin\SharpNinja.FeatureFlags.Admin.csproj", "{A4BA3164-E2C1-48B6-893E-07B85D366973}"
EndProject
Project("{FAE04EC0-301F-11D3-BF4B-00C04F79EFBC}") = "SharpNinja.FeatureFlags.Build", "src\SharpNinja.FeatureFlags.Build\SharpNinja.FeatureFlags.Build.csproj", "{C19ADA4F-FB5D-4C2F-8C18-D51D245B6ACF}"
EndProject
Project("{FAE04EC0-301F-11D3-BF4B-00C04F79EFBC}") = "SharpNinja.FeatureFlags.Cli", "src\SharpNinja.FeatureFlags.Cli\SharpNinja.FeatureFlags.Cli.csproj", "{91B958E1-90E1-424E-9F99-05B0F60A4FE1}"
EndProject
Project("{FAE04EC0-301F-11D3-BF4B-00C04F79EFBC}") = "SharpNinja.FeatureFlags.Cqrs", "src\SharpNinja.FeatureFlags.Cqrs\SharpNinja.FeatureFlags.Cqrs.csproj", "{F2BCE9CF-AE00-4B41-BE21-8DA1A0B8FCE5}"
EndProject
Project("{FAE04EC0-301F-11D3-BF4B-00C04F79EFBC}") = "SharpNinja.FeatureFlags.Distribution", "src\SharpNinja.FeatureFlags.Distribution\SharpNinja.FeatureFlags.Distribution.csproj", "{6E389300-334E-4EFD-9984-B38C28320945}"
EndProject
Project("{FAE04EC0-301F-11D3-BF4B-00C04F79EFBC}") = "SharpNinja.FeatureFlags.Evaluation", "src\SharpNinja.FeatureFlags.Evaluation\SharpNinja.FeatureFlags.Evaluation.csproj", "{72C4630E-C96C-4E3C-9B2A-DC53C7F6B25A}"
EndProject
Project("{FAE04EC0-301F-11D3-BF4B-00C04F79EFBC}") = "SharpNinja.FeatureFlags.Manifest", "src\SharpNinja.FeatureFlags.Manifest\SharpNinja.FeatureFlags.Manifest.csproj", "{9DB024D9-BEF7-4E9A-98AF-40BFA31FBBBB}"
EndProject
Project("{FAE04EC0-301F-11D3-BF4B-00C04F79EFBC}") = "SharpNinja.FeatureFlags", "src\SharpNinja.FeatureFlags\SharpNinja.FeatureFlags.csproj", "{33158B1C-2C50-4489-A501-C5AA0AE05657}"
EndProject
Project("{2150E333-8FDC-42A3-9474-1A3956D46DE8}") = "tests", "tests", "{0AB3BF05-4346-4AA6-1389-037BE0695223}"
EndProject
Project("{FAE04EC0-301F-11D3-BF4B-00C04F79EFBC}") = "ArchitectureTests", "tests\ArchitectureTests\ArchitectureTests.csproj", "{794F8F6C-42EA-4D28-A0BC-2747A032335C}"
EndProject
Project("{FAE04EC0-301F-11D3-BF4B-00C04F79EFBC}") = "SharpNinja.FeatureFlags.Abstractions.Tests", "tests\SharpNinja.FeatureFlags.Abstractions.Tests\SharpNinja.FeatureFlags.Abstractions.Tests.csproj", "{0B07E2C0-1985-4A6E-B2D6-EE06665A6238}"
EndProject
Project("{FAE04EC0-301F-11D3-BF4B-00C04F79EFBC}") = "SharpNinja.FeatureFlags.Admin.Data.Tests", "tests\SharpNinja.FeatureFlags.Admin.Data.Tests\SharpNinja.FeatureFlags.Admin.Data.Tests.csproj", "{6E8B9537-D1DD-41F2-A250-AFB81308F108}"
EndProject
Project("{FAE04EC0-301F-11D3-BF4B-00C04F79EFBC}") = "SharpNinja.FeatureFlags.Admin.Tests", "tests\SharpNinja.FeatureFlags.Admin.Tests\SharpNinja.FeatureFlags.Admin.Tests.csproj", "{36D461D4-E5D2-406A-A0C9-3EC353C2404D}"
EndProject
Project("{FAE04EC0-301F-11D3-BF4B-00C04F79EFBC}") = "SharpNinja.FeatureFlags.Build.Tests", "tests\SharpNinja.FeatureFlags.Build.Tests\SharpNinja.FeatureFlags.Build.Tests.csproj", "{A1FF0F00-A7F3-457B-830A-54B81023F0E3}"
EndProject
Project("{FAE04EC0-301F-11D3-BF4B-00C04F79EFBC}") = "SharpNinja.FeatureFlags.Cli.Tests", "tests\SharpNinja.FeatureFlags.Cli.Tests\SharpNinja.FeatureFlags.Cli.Tests.csproj", "{692A335D-FEB6-44EB-BDE0-5A07630CCF7F}"
EndProject
Project("{FAE04EC0-301F-11D3-BF4B-00C04F79EFBC}") = "SharpNinja.FeatureFlags.Distribution.Tests", "tests\SharpNinja.FeatureFlags.Distribution.Tests\SharpNinja.FeatureFlags.Distribution.Tests.csproj", "{55FE05C4-D617-4D54-AF7E-268291BF8298}"
EndProject
Project("{FAE04EC0-301F-11D3-BF4B-00C04F79EFBC}") = "SharpNinja.FeatureFlags.Evaluation.Tests", "tests\SharpNinja.FeatureFlags.Evaluation.Tests\SharpNinja.FeatureFlags.Evaluation.Tests.csproj", "{8D7F5BF8-CD9F-42D8-A41F-A98EBC96A536}"
EndProject
Project("{FAE04EC0-301F-11D3-BF4B-00C04F79EFBC}") = "SharpNinja.FeatureFlags.Manifest.Tests", "tests\SharpNinja.FeatureFlags.Manifest.Tests\SharpNinja.FeatureFlags.Manifest.Tests.csproj", "{CA4CA151-045E-4C72-9672-B7421BBDCF89}"
EndProject
Project("{FAE04EC0-301F-11D3-BF4B-00C04F79EFBC}") = "SharpNinja.FeatureFlags.Tests", "tests\SharpNinja.FeatureFlags.Tests\SharpNinja.FeatureFlags.Tests.csproj", "{8DE4D502-91CF-4142-809A-9EBCB88279A9}"
EndProject
Project("{2150E333-8FDC-42A3-9474-1A3956D46DE8}") = "build", "build", "{DEE5DD87-39C1-BF34-B639-A387DCCF972B}"
EndProject
Project("{FAE04EC0-301F-11D3-BF4B-00C04F79EFBC}") = "Build", "build\Build.csproj", "{30768468-7293-42B5-BB89-E8E0CB73AC61}"
EndProject
Project("{2150E333-8FDC-42A3-9474-1A3956D46DE8}") = "samples", "samples", "{5D20AA90-6969-D8BD-9DCD-8634F4692FDA}"
EndProject
Project("{FAE04EC0-301F-11D3-BF4B-00C04F79EFBC}") = "SharpNinja.FeatureFlags.Samples.Avalonia12", "samples\SharpNinja.FeatureFlags.Samples.Avalonia12\SharpNinja.FeatureFlags.Samples.Avalonia12.csproj", "{7393F3D2-22CC-4AAD-9F87-259451FC6E3C}"
EndProject
Project("{FAE04EC0-301F-11D3-BF4B-00C04F79EFBC}") = "SharpNinja.FeatureFlags.Avalonia12.IntegrationTests", "tests\SharpNinja.FeatureFlags.Avalonia12.IntegrationTests\SharpNinja.FeatureFlags.Avalonia12.IntegrationTests.csproj", "{A1224225-13A6-4AB7-986B-E127D3FCA7A1}"
EndProject
Project("{FAE04EC0-301F-11D3-BF4B-00C04F79EFBC}") = "SharpNinja.FeatureFlags.Cqrs.Tests", "tests\SharpNinja.FeatureFlags.Cqrs.Tests\SharpNinja.FeatureFlags.Cqrs.Tests.csproj", "{5FBBD0A8-DFFA-4116-9110-16CBC584D467}"
EndProject
Global
	GlobalSection(SolutionConfigurationPlatforms) = preSolution
		Debug|Any CPU = Debug|Any CPU
		Debug|x64 = Debug|x64
		Debug|x86 = Debug|x86
		Release|Any CPU = Release|Any CPU
		Release|x64 = Release|x64
		Release|x86 = Release|x86
	EndGlobalSection
	GlobalSection(ProjectConfigurationPlatforms) = postSolution
		{D66A95EF-1873-429E-AA39-C2DF5AE3A207}.Debug|Any CPU.ActiveCfg = Debug|Any CPU
		{D66A95EF-1873-429E-AA39-C2DF5AE3A207}.Debug|Any CPU.Build.0 = Debug|Any CPU
		{D66A95EF-1873-429E-AA39-C2DF5AE3A207}.Debug|x64.ActiveCfg = Debug|Any CPU
		{D66A95EF-1873-429E-AA39-C2DF5AE3A207}.Debug|x64.Build.0 = Debug|Any CPU
		{D66A95EF-1873-429E-AA39-C2DF5AE3A207}.Debug|x86.ActiveCfg = Debug|Any CPU
		{D66A95EF-1873-429E-AA39-C2DF5AE3A207}.Debug|x86.Build.0 = Debug|Any CPU
		{D66A95EF-1873-429E-AA39-C2DF5AE3A207}.Release|Any CPU.ActiveCfg = Release|Any CPU
		{D66A95EF-1873-429E-AA39-C2DF5AE3A207}.Release|Any CPU.Build.0 = Release|Any CPU
		{D66A95EF-1873-429E-AA39-C2DF5AE3A207}.Release|x64.ActiveCfg = Release|Any CPU
		{D66A95EF-1873-429E-AA39-C2DF5AE3A207}.Release|x64.Build.0 = Release|Any CPU
		{D66A95EF-1873-429E-AA39-C2DF5AE3A207}.Release|x86.ActiveCfg = Release|Any CPU
		{D66A95EF-1873-429E-AA39-C2DF5AE3A207}.Release|x86.Build.0 = Release|Any CPU
		{509301FB-6287-4291-AD87-92B648970504}.Debug|Any CPU.ActiveCfg = Debug|Any CPU
		{509301FB-6287-4291-AD87-92B648970504}.Debug|Any CPU.Build.0 = Debug|Any CPU
		{509301FB-6287-4291-AD87-92B648970504}.Debug|x64.ActiveCfg = Debug|Any CPU
		{509301FB-6287-4291-AD87-92B648970504}.Debug|x64.Build.0 = Debug|Any CPU
		{509301FB-6287-4291-AD87-92B648970504}.Debug|x86.ActiveCfg = Debug|Any CPU
		{509301FB-6287-4291-AD87-92B648970504}.Debug|x86.Build.0 = Debug|Any CPU
		{509301FB-6287-4291-AD87-92B648970504}.Release|Any CPU.ActiveCfg = Release|Any CPU
		{509301FB-6287-4291-AD87-92B648970504}.Release|Any CPU.Build.0 = Release|Any CPU
		{509301FB-6287-4291-AD87-92B648970504}.Release|x64.ActiveCfg = Release|Any CPU
		{509301FB-6287-4291-AD87-92B648970504}.Release|x64.Build.0 = Release|Any CPU
		{509301FB-6287-4291-AD87-92B648970504}.Release|x86.ActiveCfg = Release|Any CPU
		{509301FB-6287-4291-AD87-92B648970504}.Release|x86.Build.0 = Release|Any CPU
		{0CCA5C57-CB4E-4C45-96B6-620221CB0E48}.Debug|Any CPU.ActiveCfg = Debug|Any CPU
		{0CCA5C57-CB4E-4C45-96B6-620221CB0E48}.Debug|Any CPU.Build.0 = Debug|Any CPU
		{0CCA5C57-CB4E-4C45-96B6-620221CB0E48}.Debug|x64.ActiveCfg = Debug|Any CPU
		{0CCA5C57-CB4E-4C45-96B6-620221CB0E48}.Debug|x64.Build.0 = Debug|Any CPU
		{0CCA5C57-CB4E-4C45-96B6-620221CB0E48}.Debug|x86.ActiveCfg = Debug|Any CPU
		{0CCA5C57-CB4E-4C45-96B6-620221CB0E48}.Debug|x86.Build.0 = Debug|Any CPU
		{0CCA5C57-CB4E-4C45-96B6-620221CB0E48}.Release|Any CPU.ActiveCfg = Release|Any CPU
		{0CCA5C57-CB4E-4C45-96B6-620221CB0E48}.Release|Any CPU.Build.0 = Release|Any CPU
		{0CCA5C57-CB4E-4C45-96B6-620221CB0E48}.Release|x64.ActiveCfg = Release|Any CPU
		{0CCA5C57-CB4E-4C45-96B6-620221CB0E48}.Release|x64.Build.0 = Release|Any CPU
		{0CCA5C57-CB4E-4C45-96B6-620221CB0E48}.Release|x86.ActiveCfg = Release|Any CPU
		{0CCA5C57-CB4E-4C45-96B6-620221CB0E48}.Release|x86.Build.0 = Release|Any CPU
		{660CF15C-FC53-4EFC-A337-AF31D5DF647C}.Debug|Any CPU.ActiveCfg = Debug|Any CPU
		{660CF15C-FC53-4EFC-A337-AF31D5DF647C}.Debug|Any CPU.Build.0 = Debug|Any CPU
		{660CF15C-FC53-4EFC-A337-AF31D5DF647C}.Debug|x64.ActiveCfg = Debug|Any CPU
		{660CF15C-FC53-4EFC-A337-AF31D5DF647C}.Debug|x64.Build.0 = Debug|Any CPU
		{660CF15C-FC53-4EFC-A337-AF31D5DF647C}.Debug|x86.ActiveCfg = Debug|Any CPU
		{660CF15C-FC53-4EFC-A337-AF31D5DF647C}.Debug|x86.Build.0 = Debug|Any CPU
		{660CF15C-FC53-4EFC-A337-AF31D5DF647C}.Release|Any CPU.ActiveCfg = Release|Any CPU
		{660CF15C-FC53-4EFC-A337-AF31D5DF647C}.Release|Any CPU.Build.0 = Release|Any CPU
		{660CF15C-FC53-4EFC-A337-AF31D5DF647C}.Release|x64.ActiveCfg = Release|Any CPU
		{660CF15C-FC53-4EFC-A337-AF31D5DF647C}.Release|x64.Build.0 = Release|Any CPU
		{660CF15C-FC53-4EFC-A337-AF31D5DF647C}.Release|x86.ActiveCfg = Release|Any CPU
		{660CF15C-FC53-4EFC-A337-AF31D5DF647C}.Release|x86.Build.0 = Release|Any CPU
		{C7D30B51-42BA-4553-8770-F39B35113D3C}.Debug|Any CPU.ActiveCfg = Debug|Any CPU
		{C7D30B51-42BA-4553-8770-F39B35113D3C}.Debug|Any CPU.Build.0 = Debug|Any CPU
		{C7D30B51-42BA-4553-8770-F39B35113D3C}.Debug|x64.ActiveCfg = Debug|Any CPU
		{C7D30B51-42BA-4553-8770-F39B35113D3C}.Debug|x64.Build.0 = Debug|Any CPU
		{C7D30B51-42BA-4553-8770-F39B35113D3C}.Debug|x86.ActiveCfg = Debug|Any CPU
		{C7D30B51-42BA-4553-8770-F39B35113D3C}.Debug|x86.Build.0 = Debug|Any CPU
		{C7D30B51-42BA-4553-8770-F39B35113D3C}.Release|Any CPU.ActiveCfg = Release|Any CPU
		{C7D30B51-42BA-4553-8770-F39B35113D3C}.Release|Any CPU.Build.0 = Release|Any CPU
		{C7D30B51-42BA-4553-8770-F39B35113D3C}.Release|x64.ActiveCfg = Release|Any CPU
		{C7D30B51-42BA-4553-8770-F39B35113D3C}.Release|x64.Build.0 = Release|Any CPU
		{C7D30B51-42BA-4553-8770-F39B35113D3C}.Release|x86.ActiveCfg = Release|Any CPU
		{C7D30B51-42BA-4553-8770-F39B35113D3C}.Release|x86.Build.0 = Release|Any CPU
		{A4BA3164-E2C1-48B6-893E-07B85D366973}.Debug|Any CPU.ActiveCfg = Debug|Any CPU
		{A4BA3164-E2C1-48B6-893E-07B85D366973}.Debug|Any CPU.Build.0 = Debug|Any CPU
		{A4BA3164-E2C1-48B6-893E-07B85D366973}.Debug|x64.ActiveCfg = Debug|Any CPU
		{A4BA3164-E2C1-48B6-893E-07B85D366973}.Debug|x64.Build.0 = Debug|Any CPU
		{A4BA3164-E2C1-48B6-893E-07B85D366973}.Debug|x86.ActiveCfg = Debug|Any CPU
		{A4BA3164-E2C1-48B6-893E-07B85D366973}.Debug|x86.Build.0 = Debug|Any CPU
		{A4BA3164-E2C1-48B6-893E-07B85D366973}.Release|Any CPU.ActiveCfg = Release|Any CPU
		{A4BA3164-E2C1-48B6-893E-07B85D366973}.Release|Any CPU.Build.0 = Release|Any CPU
		{A4BA3164-E2C1-48B6-893E-07B85D366973}.Release|x64.ActiveCfg = Release|Any CPU
		{A4BA3164-E2C1-48B6-893E-07B85D366973}.Release|x64.Build.0 = Release|Any CPU
		{A4BA3164-E2C1-48B6-893E-07B85D366973}.Release|x86.ActiveCfg = Release|Any CPU
		{A4BA3164-E2C1-48B6-893E-07B85D366973}.Release|x86.Build.0 = Release|Any CPU
		{C19ADA4F-FB5D-4C2F-8C18-D51D245B6ACF}.Debug|Any CPU.ActiveCfg = Debug|Any CPU
		{C19ADA4F-FB5D-4C2F-8C18-D51D245B6ACF}.Debug|Any CPU.Build.0 = Debug|Any CPU
		{C19ADA4F-FB5D-4C2F-8C18-D51D245B6ACF}.Debug|x64.ActiveCfg = Debug|Any CPU
		{C19ADA4F-FB5D-4C2F-8C18-D51D245B6ACF}.Debug|x64.Build.0 = Debug|Any CPU
		{C19ADA4F-FB5D-4C2F-8C18-D51D245B6ACF}.Debug|x86.ActiveCfg = Debug|Any CPU
		{C19ADA4F-FB5D-4C2F-8C18-D51D245B6ACF}.Debug|x86.Build.0 = Debug|Any CPU
		{C19ADA4F-FB5D-4C2F-8C18-D51D245B6ACF}.Release|Any CPU.ActiveCfg = Release|Any CPU
		{C19ADA4F-FB5D-4C2F-8C18-D51D245B6ACF}.Release|Any CPU.Build.0 = Release|Any CPU
		{C19ADA4F-FB5D-4C2F-8C18-D51D245B6ACF}.Release|x64.ActiveCfg = Release|Any CPU
		{C19ADA4F-FB5D-4C2F-8C18-D51D245B6ACF}.Release|x64.Build.0 = Release|Any CPU
		{C19ADA4F-FB5D-4C2F-8C18-D51D245B6ACF}.Release|x86.ActiveCfg = Release|Any CPU
		{C19ADA4F-FB5D-4C2F-8C18-D51D245B6ACF}.Release|x86.Build.0 = Release|Any CPU
		{91B958E1-90E1-424E-9F99-05B0F60A4FE1}.Debug|Any CPU.ActiveCfg = Debug|Any CPU
		{91B958E1-90E1-424E-9F99-05B0F60A4FE1}.Debug|Any CPU.Build.0 = Debug|Any CPU
		{91B958E1-90E1-424E-9F99-05B0F60A4FE1}.Debug|x64.ActiveCfg = Debug|Any CPU
		{91B958E1-90E1-424E-9F99-05B0F60A4FE1}.Debug|x64.Build.0 = Debug|Any CPU
		{91B958E1-90E1-424E-9F99-05B0F60A4FE1}.Debug|x86.ActiveCfg = Debug|Any CPU
		{91B958E1-90E1-424E-9F99-05B0F60A4FE1}.Debug|x86.Build.0 = Debug|Any CPU
		{91B958E1-90E1-424E-9F99-05B0F60A4FE1}.Release|Any CPU.ActiveCfg = Release|Any CPU
		{91B958E1-90E1-424E-9F99-05B0F60A4FE1}.Release|Any CPU.Build.0 = Release|Any CPU
		{91B958E1-90E1-424E-9F99-05B0F60A4FE1}.Release|x64.ActiveCfg = Release|Any CPU
		{91B958E1-90E1-424E-9F99-05B0F60A4FE1}.Release|x64.Build.0 = Release|Any CPU
		{91B958E1-90E1-424E-9F99-05B0F60A4FE1}.Release|x86.ActiveCfg = Release|Any CPU
		{91B958E1-90E1-424E-9F99-05B0F60A4FE1}.Release|x86.Build.0 = Release|Any CPU
		{F2BCE9CF-AE00-4B41-BE21-8DA1A0B8FCE5}.Debug|Any CPU.ActiveCfg = Debug|Any CPU
		{F2BCE9CF-AE00-4B41-BE21-8DA1A0B8FCE5}.Debug|Any CPU.Build.0 = Debug|Any CPU
		{F2BCE9CF-AE00-4B41-BE21-8DA1A0B8FCE5}.Debug|x64.ActiveCfg = Debug|Any CPU
		{F2BCE9CF-AE00-4B41-BE21-8DA1A0B8FCE5}.Debug|x64.Build.0 = Debug|Any CPU
		{F2BCE9CF-AE00-4B41-BE21-8DA1A0B8FCE5}.Debug|x86.ActiveCfg = Debug|Any CPU
		{F2BCE9CF-AE00-4B41-BE21-8DA1A0B8FCE5}.Debug|x86.Build.0 = Debug|Any CPU
		{F2BCE9CF-AE00-4B41-BE21-8DA1A0B8FCE5}.Release|Any CPU.ActiveCfg = Release|Any CPU
		{F2BCE9CF-AE00-4B41-BE21-8DA1A0B8FCE5}.Release|Any CPU.Build.0 = Release|Any CPU
		{F2BCE9CF-AE00-4B41-BE21-8DA1A0B8FCE5}.Release|x64.ActiveCfg = Release|Any CPU
		{F2BCE9CF-AE00-4B41-BE21-8DA1A0B8FCE5}.Release|x64.Build.0 = Release|Any CPU
		{F2BCE9CF-AE00-4B41-BE21-8DA1A0B8FCE5}.Release|x86.ActiveCfg = Release|Any CPU
		{F2BCE9CF-AE00-4B41-BE21-8DA1A0B8FCE5}.Release|x86.Build.0 = Release|Any CPU
		{6E389300-334E-4EFD-9984-B38C28320945}.Debug|Any CPU.ActiveCfg = Debug|Any CPU
		{6E389300-334E-4EFD-9984-B38C28320945}.Debug|Any CPU.Build.0 = Debug|Any CPU
		{6E389300-334E-4EFD-9984-B38C28320945}.Debug|x64.ActiveCfg = Debug|Any CPU
		{6E389300-334E-4EFD-9984-B38C28320945}.Debug|x64.Build.0 = Debug|Any CPU
		{6E389300-334E-4EFD-9984-B38C28320945}.Debug|x86.ActiveCfg = Debug|Any CPU
		{6E389300-334E-4EFD-9984-B38C28320945}.Debug|x86.Build.0 = Debug|Any CPU
		{6E389300-334E-4EFD-9984-B38C28320945}.Release|Any CPU.ActiveCfg = Release|Any CPU
		{6E389300-334E-4EFD-9984-B38C28320945}.Release|Any CPU.Build.0 = Release|Any CPU
		{6E389300-334E-4EFD-9984-B38C28320945}.Release|x64.ActiveCfg = Release|Any CPU
		{6E389300-334E-4EFD-9984-B38C28320945}.Release|x64.Build.0 = Release|Any CPU
		{6E389300-334E-4EFD-9984-B38C28320945}.Release|x86.ActiveCfg = Release|Any CPU
		{6E389300-334E-4EFD-9984-B38C28320945}.Release|x86.Build.0 = Release|Any CPU
		{72C4630E-C96C-4E3C-9B2A-DC53C7F6B25A}.Debug|Any CPU.ActiveCfg = Debug|Any CPU
		{72C4630E-C96C-4E3C-9B2A-DC53C7F6B25A}.Debug|Any CPU.Build.0 = Debug|Any CPU
		{72C4630E-C96C-4E3C-9B2A-DC53C7F6B25A}.Debug|x64.ActiveCfg = Debug|Any CPU
		{72C4630E-C96C-4E3C-9B2A-DC53C7F6B25A}.Debug|x64.Build.0 = Debug|Any CPU
		{72C4630E-C96C-4E3C-9B2A-DC53C7F6B25A}.Debug|x86.ActiveCfg = Debug|Any CPU
		{72C4630E-C96C-4E3C-9B2A-DC53C7F6B25A}.Debug|x86.Build.0 = Debug|Any CPU
		{72C4630E-C96C-4E3C-9B2A-DC53C7F6B25A}.Release|Any CPU.ActiveCfg = Release|Any CPU
		{72C4630E-C96C-4E3C-9B2A-DC53C7F6B25A}.Release|Any CPU.Build.0 = Release|Any CPU
		{72C4630E-C96C-4E3C-9B2A-DC53C7F6B25A}.Release|x64.ActiveCfg = Release|Any CPU
		{72C4630E-C96C-4E3C-9B2A-DC53C7F6B25A}.Release|x64.Build.0 = Release|Any CPU
		{72C4630E-C96C-4E3C-9B2A-DC53C7F6B25A}.Release|x86.ActiveCfg = Release|Any CPU
		{72C4630E-C96C-4E3C-9B2A-DC53C7F6B25A}.Release|x86.Build.0 = Release|Any CPU
		{9DB024D9-BEF7-4E9A-98AF-40BFA31FBBBB}.Debug|Any CPU.ActiveCfg = Debug|Any CPU
		{9DB024D9-BEF7-4E9A-98AF-40BFA31FBBBB}.Debug|Any CPU.Build.0 = Debug|Any CPU
		{9DB024D9-BEF7-4E9A-98AF-40BFA31FBBBB}.Debug|x64.ActiveCfg = Debug|Any CPU
		{9DB024D9-BEF7-4E9A-98AF-40BFA31FBBBB}.Debug|x64.Build.0 = Debug|Any CPU
		{9DB024D9-BEF7-4E9A-98AF-40BFA31FBBBB}.Debug|x86.ActiveCfg = Debug|Any CPU
		{9DB024D9-BEF7-4E9A-98AF-40BFA31FBBBB}.Debug|x86.Build.0 = Debug|Any CPU
		{9DB024D9-BEF7-4E9A-98AF-40BFA31FBBBB}.Release|Any CPU.ActiveCfg = Release|Any CPU
		{9DB024D9-BEF7-4E9A-98AF-40BFA31FBBBB}.Release|Any CPU.Build.0 = Release|Any CPU
		{9DB024D9-BEF7-4E9A-98AF-40BFA31FBBBB}.Release|x64.ActiveCfg = Release|Any CPU
		{9DB024D9-BEF7-4E9A-98AF-40BFA31FBBBB}.Release|x64.Build.0 = Release|Any CPU
		{9DB024D9-BEF7-4E9A-98AF-40BFA31FBBBB}.Release|x86.ActiveCfg = Release|Any CPU
		{9DB024D9-BEF7-4E9A-98AF-40BFA31FBBBB}.Release|x86.Build.0 = Release|Any CPU
		{33158B1C-2C50-4489-A501-C5AA0AE05657}.Debug|Any CPU.ActiveCfg = Debug|Any CPU
		{33158B1C-2C50-4489-A501-C5AA0AE05657}.Debug|Any CPU.Build.0 = Debug|Any CPU
		{33158B1C-2C50-4489-A501-C5AA0AE05657}.Debug|x64.ActiveCfg = Debug|Any CPU
		{33158B1C-2C50-4489-A501-C5AA0AE05657}.Debug|x64.Build.0 = Debug|Any CPU
		{33158B1C-2C50-4489-A501-C5AA0AE05657}.Debug|x86.ActiveCfg = Debug|Any CPU
		{33158B1C-2C50-4489-A501-C5AA0AE05657}.Debug|x86.Build.0 = Debug|Any CPU
		{33158B1C-2C50-4489-A501-C5AA0AE05657}.Release|Any CPU.ActiveCfg = Release|Any CPU
		{33158B1C-2C50-4489-A501-C5AA0AE05657}.Release|Any CPU.Build.0 = Release|Any CPU
		{33158B1C-2C50-4489-A501-C5AA0AE05657}.Release|x64.ActiveCfg = Release|Any CPU
		{33158B1C-2C50-4489-A501-C5AA0AE05657}.Release|x64.Build.0 = Release|Any CPU
		{33158B1C-2C50-4489-A501-C5AA0AE05657}.Release|x86.ActiveCfg = Release|Any CPU
		{33158B1C-2C50-4489-A501-C5AA0AE05657}.Release|x86.Build.0 = Release|Any CPU
		{794F8F6C-42EA-4D28-A0BC-2747A032335C}.Debug|Any CPU.ActiveCfg = Debug|Any CPU
		{794F8F6C-42EA-4D28-A0BC-2747A032335C}.Debug|Any CPU.Build.0 = Debug|Any CPU
		{794F8F6C-42EA-4D28-A0BC-2747A032335C}.Debug|x64.ActiveCfg = Debug|Any CPU
		{794F8F6C-42EA-4D28-A0BC-2747A032335C}.Debug|x64.Build.0 = Debug|Any CPU
		{794F8F6C-42EA-4D28-A0BC-2747A032335C}.Debug|x86.ActiveCfg = Debug|Any CPU
		{794F8F6C-42EA-4D28-A0BC-2747A032335C}.Debug|x86.Build.0 = Debug|Any CPU
		{794F8F6C-42EA-4D28-A0BC-2747A032335C}.Release|Any CPU.ActiveCfg = Release|Any CPU
		{794F8F6C-42EA-4D28-A0BC-2747A032335C}.Release|Any CPU.Build.0 = Release|Any CPU
		{794F8F6C-42EA-4D28-A0BC-2747A032335C}.Release|x64.ActiveCfg = Release|Any CPU
		{794F8F6C-42EA-4D28-A0BC-2747A032335C}.Release|x64.Build.0 = Release|Any CPU
		{794F8F6C-42EA-4D28-A0BC-2747A032335C}.Release|x86.ActiveCfg = Release|Any CPU
		{794F8F6C-42EA-4D28-A0BC-2747A032335C}.Release|x86.Build.0 = Release|Any CPU
		{0B07E2C0-1985-4A6E-B2D6-EE06665A6238}.Debug|Any CPU.ActiveCfg = Debug|Any CPU
		{0B07E2C0-1985-4A6E-B2D6-EE06665A6238}.Debug|Any CPU.Build.0 = Debug|Any CPU
		{0B07E2C0-1985-4A6E-B2D6-EE06665A6238}.Debug|x64.ActiveCfg = Debug|Any CPU
		{0B07E2C0-1985-4A6E-B2D6-EE06665A6238}.Debug|x64.Build.0 = Debug|Any CPU
		{0B07E2C0-1985-4A6E-B2D6-EE06665A6238}.Debug|x86.ActiveCfg = Debug|Any CPU
		{0B07E2C0-1985-4A6E-B2D6-EE06665A6238}.Debug|x86.Build.0 = Debug|Any CPU
		{0B07E2C0-1985-4A6E-B2D6-EE06665A6238}.Release|Any CPU.ActiveCfg = Release|Any CPU
		{0B07E2C0-1985-4A6E-B2D6-EE06665A6238}.Release|Any CPU.Build.0 = Release|Any CPU
		{0B07E2C0-1985-4A6E-B2D6-EE06665A6238}.Release|x64.ActiveCfg = Release|Any CPU
		{0B07E2C0-1985-4A6E-B2D6-EE06665A6238}.Release|x64.Build.0 = Release|Any CPU
		{0B07E2C0-1985-4A6E-B2D6-EE06665A6238}.Release|x86.ActiveCfg = Release|Any CPU
		{0B07E2C0-1985-4A6E-B2D6-EE06665A6238}.Release|x86.Build.0 = Release|Any CPU
		{6E8B9537-D1DD-41F2-A250-AFB81308F108}.Debug|Any CPU.ActiveCfg = Debug|Any CPU
		{6E8B9537-D1DD-41F2-A250-AFB81308F108}.Debug|Any CPU.Build.0 = Debug|Any CPU
		{6E8B9537-D1DD-41F2-A250-AFB81308F108}.Debug|x64.ActiveCfg = Debug|Any CPU
		{6E8B9537-D1DD-41F2-A250-AFB81308F108}.Debug|x64.Build.0 = Debug|Any CPU
		{6E8B9537-D1DD-41F2-A250-AFB81308F108}.Debug|x86.ActiveCfg = Debug|Any CPU
		{6E8B9537-D1DD-41F2-A250-AFB81308F108}.Debug|x86.Build.0 = Debug|Any CPU
		{6E8B9537-D1DD-41F2-A250-AFB81308F108}.Release|Any CPU.ActiveCfg = Release|Any CPU
		{6E8B9537-D1DD-41F2-A250-AFB81308F108}.Release|Any CPU.Build.0 = Release|Any CPU
		{6E8B9537-D1DD-41F2-A250-AFB81308F108}.Release|x64.ActiveCfg = Release|Any CPU
		{6E8B9537-D1DD-41F2-A250-AFB81308F108}.Release|x64.Build.0 = Release|Any CPU
		{6E8B9537-D1DD-41F2-A250-AFB81308F108}.Release|x86.ActiveCfg = Release|Any CPU
		{6E8B9537-D1DD-41F2-A250-AFB81308F108}.Release|x86.Build.0 = Release|Any CPU
		{36D461D4-E5D2-406A-A0C9-3EC353C2404D}.Debug|Any CPU.ActiveCfg = Debug|Any CPU
		{36D461D4-E5D2-406A-A0C9-3EC353C2404D}.Debug|Any CPU.Build.0 = Debug|Any CPU
		{36D461D4-E5D2-406A-A0C9-3EC353C2404D}.Debug|x64.ActiveCfg = Debug|Any CPU
		{36D461D4-E5D2-406A-A0C9-3EC353C2404D}.Debug|x64.Build.0 = Debug|Any CPU
		{36D461D4-E5D2-406A-A0C9-3EC353C2404D}.Debug|x86.ActiveCfg = Debug|Any CPU
		{36D461D4-E5D2-406A-A0C9-3EC353C2404D}.Debug|x86.Build.0 = Debug|Any CPU
		{36D461D4-E5D2-406A-A0C9-3EC353C2404D}.Release|Any CPU.ActiveCfg = Release|Any CPU
		{36D461D4-E5D2-406A-A0C9-3EC353C2404D}.Release|Any CPU.Build.0 = Release|Any CPU
		{36D461D4-E5D2-406A-A0C9-3EC353C2404D}.Release|x64.ActiveCfg = Release|Any CPU
		{36D461D4-E5D2-406A-A0C9-3EC353C2404D}.Release|x64.Build.0 = Release|Any CPU
		{36D461D4-E5D2-406A-A0C9-3EC353C2404D}.Release|x86.ActiveCfg = Release|Any CPU
		{36D461D4-E5D2-406A-A0C9-3EC353C2404D}.Release|x86.Build.0 = Release|Any CPU
		{A1FF0F00-A7F3-457B-830A-54B81023F0E3}.Debug|Any CPU.ActiveCfg = Debug|Any CPU
		{A1FF0F00-A7F3-457B-830A-54B81023F0E3}.Debug|Any CPU.Build.0 = Debug|Any CPU
		{A1FF0F00-A7F3-457B-830A-54B81023F0E3}.Debug|x64.ActiveCfg = Debug|Any CPU
		{A1FF0F00-A7F3-457B-830A-54B81023F0E3}.Debug|x64.Build.0 = Debug|Any CPU
		{A1FF0F00-A7F3-457B-830A-54B81023F0E3}.Debug|x86.ActiveCfg = Debug|Any CPU
		{A1FF0F00-A7F3-457B-830A-54B81023F0E3}.Debug|x86.Build.0 = Debug|Any CPU
		{A1FF0F00-A7F3-457B-830A-54B81023F0E3}.Release|Any CPU.ActiveCfg = Release|Any CPU
		{A1FF0F00-A7F3-457B-830A-54B81023F0E3}.Release|Any CPU.Build.0 = Release|Any CPU
		{A1FF0F00-A7F3-457B-830A-54B81023F0E3}.Release|x64.ActiveCfg = Release|Any CPU
		{A1FF0F00-A7F3-457B-830A-54B81023F0E3}.Release|x64.Build.0 = Release|Any CPU
		{A1FF0F00-A7F3-457B-830A-54B81023F0E3}.Release|x86.ActiveCfg = Release|Any CPU
		{A1FF0F00-A7F3-457B-830A-54B81023F0E3}.Release|x86.Build.0 = Release|Any CPU
		{692A335D-FEB6-44EB-BDE0-5A07630CCF7F}.Debug|Any CPU.ActiveCfg = Debug|Any CPU
		{692A335D-FEB6-44EB-BDE0-5A07630CCF7F}.Debug|Any CPU.Build.0 = Debug|Any CPU
		{692A335D-FEB6-44EB-BDE0-5A07630CCF7F}.Debug|x64.ActiveCfg = Debug|Any CPU
		{692A335D-FEB6-44EB-BDE0-5A07630CCF7F}.Debug|x64.Build.0 = Debug|Any CPU
		{692A335D-FEB6-44EB-BDE0-5A07630CCF7F}.Debug|x86.ActiveCfg = Debug|Any CPU
		{692A335D-FEB6-44EB-BDE0-5A07630CCF7F}.Debug|x86.Build.0 = Debug|Any CPU
		{692A335D-FEB6-44EB-BDE0-5A07630CCF7F}.Release|Any CPU.ActiveCfg = Release|Any CPU
		{692A335D-FEB6-44EB-BDE0-5A07630CCF7F}.Release|Any CPU.Build.0 = Release|Any CPU
		{692A335D-FEB6-44EB-BDE0-5A07630CCF7F}.Release|x64.ActiveCfg = Release|Any CPU
		{692A335D-FEB6-44EB-BDE0-5A07630CCF7F}.Release|x64.Build.0 = Release|Any CPU
		{692A335D-FEB6-44EB-BDE0-5A07630CCF7F}.Release|x86.ActiveCfg = Release|Any CPU
		{692A335D-FEB6-44EB-BDE0-5A07630CCF7F}.Release|x86.Build.0 = Release|Any CPU
		{55FE05C4-D617-4D54-AF7E-268291BF8298}.Debug|Any CPU.ActiveCfg = Debug|Any CPU
		{55FE05C4-D617-4D54-AF7E-268291BF8298}.Debug|Any CPU.Build.0 = Debug|Any CPU
		{55FE05C4-D617-4D54-AF7E-268291BF8298}.Debug|x64.ActiveCfg = Debug|Any CPU
		{55FE05C4-D617-4D54-AF7E-268291BF8298}.Debug|x64.Build.0 = Debug|Any CPU
		{55FE05C4-D617-4D54-AF7E-268291BF8298}.Debug|x86.ActiveCfg = Debug|Any CPU
		{55FE05C4-D617-4D54-AF7E-268291BF8298}.Debug|x86.Build.0 = Debug|Any CPU
		{55FE05C4-D617-4D54-AF7E-268291BF8298}.Release|Any CPU.ActiveCfg = Release|Any CPU
		{55FE05C4-D617-4D54-AF7E-268291BF8298}.Release|Any CPU.Build.0 = Release|Any CPU
		{55FE05C4-D617-4D54-AF7E-268291BF8298}.Release|x64.ActiveCfg = Release|Any CPU
		{55FE05C4-D617-4D54-AF7E-268291BF8298}.Release|x64.Build.0 = Release|Any CPU
		{55FE05C4-D617-4D54-AF7E-268291BF8298}.Release|x86.ActiveCfg = Release|Any CPU
		{55FE05C4-D617-4D54-AF7E-268291BF8298}.Release|x86.Build.0 = Release|Any CPU
		{8D7F5BF8-CD9F-42D8-A41F-A98EBC96A536}.Debug|Any CPU.ActiveCfg = Debug|Any CPU
		{8D7F5BF8-CD9F-42D8-A41F-A98EBC96A536}.Debug|Any CPU.Build.0 = Debug|Any CPU
		{8D7F5BF8-CD9F-42D8-A41F-A98EBC96A536}.Debug|x64.ActiveCfg = Debug|Any CPU
		{8D7F5BF8-CD9F-42D8-A41F-A98EBC96A536}.Debug|x64.Build.0 = Debug|Any CPU
		{8D7F5BF8-CD9F-42D8-A41F-A98EBC96A536}.Debug|x86.ActiveCfg = Debug|Any CPU
		{8D7F5BF8-CD9F-42D8-A41F-A98EBC96A536}.Debug|x86.Build.0 = Debug|Any CPU
		{8D7F5BF8-CD9F-42D8-A41F-A98EBC96A536}.Release|Any CPU.ActiveCfg = Release|Any CPU
		{8D7F5BF8-CD9F-42D8-A41F-A98EBC96A536}.Release|Any CPU.Build.0 = Release|Any CPU
		{8D7F5BF8-CD9F-42D8-A41F-A98EBC96A536}.Release|x64.ActiveCfg = Release|Any CPU
		{8D7F5BF8-CD9F-42D8-A41F-A98EBC96A536}.Release|x64.Build.0 = Release|Any CPU
		{8D7F5BF8-CD9F-42D8-A41F-A98EBC96A536}.Release|x86.ActiveCfg = Release|Any CPU
		{8D7F5BF8-CD9F-42D8-A41F-A98EBC96A536}.Release|x86.Build.0 = Release|Any CPU
		{CA4CA151-045E-4C72-9672-B7421BBDCF89}.Debug|Any CPU.ActiveCfg = Debug|Any CPU
		{CA4CA151-045E-4C72-9672-B7421BBDCF89}.Debug|Any CPU.Build.0 = Debug|Any CPU
		{CA4CA151-045E-4C72-9672-B7421BBDCF89}.Debug|x64.ActiveCfg = Debug|Any CPU
		{CA4CA151-045E-4C72-9672-B7421BBDCF89}.Debug|x64.Build.0 = Debug|Any CPU
		{CA4CA151-045E-4C72-9672-B7421BBDCF89}.Debug|x86.ActiveCfg = Debug|Any CPU
		{CA4CA151-045E-4C72-9672-B7421BBDCF89}.Debug|x86.Build.0 = Debug|Any CPU
		{CA4CA151-045E-4C72-9672-B7421BBDCF89}.Release|Any CPU.ActiveCfg = Release|Any CPU
		{CA4CA151-045E-4C72-9672-B7421BBDCF89}.Release|Any CPU.Build.0 = Release|Any CPU
		{CA4CA151-045E-4C72-9672-B7421BBDCF89}.Release|x64.ActiveCfg = Release|Any CPU
		{CA4CA151-045E-4C72-9672-B7421BBDCF89}.Release|x64.Build.0 = Release|Any CPU
		{CA4CA151-045E-4C72-9672-B7421BBDCF89}.Release|x86.ActiveCfg = Release|Any CPU
		{CA4CA151-045E-4C72-9672-B7421BBDCF89}.Release|x86.Build.0 = Release|Any CPU
		{8DE4D502-91CF-4142-809A-9EBCB88279A9}.Debug|Any CPU.ActiveCfg = Debug|Any CPU
		{8DE4D502-91CF-4142-809A-9EBCB88279A9}.Debug|Any CPU.Build.0 = Debug|Any CPU
		{8DE4D502-91CF-4142-809A-9EBCB88279A9}.Debug|x64.ActiveCfg = Debug|Any CPU
		{8DE4D502-91CF-4142-809A-9EBCB88279A9}.Debug|x64.Build.0 = Debug|Any CPU
		{8DE4D502-91CF-4142-809A-9EBCB88279A9}.Debug|x86.ActiveCfg = Debug|Any CPU
		{8DE4D502-91CF-4142-809A-9EBCB88279A9}.Debug|x86.Build.0 = Debug|Any CPU
		{8DE4D502-91CF-4142-809A-9EBCB88279A9}.Release|Any CPU.ActiveCfg = Release|Any CPU
		{8DE4D502-91CF-4142-809A-9EBCB88279A9}.Release|Any CPU.Build.0 = Release|Any CPU
		{8DE4D502-91CF-4142-809A-9EBCB88279A9}.Release|x64.ActiveCfg = Release|Any CPU
		{8DE4D502-91CF-4142-809A-9EBCB88279A9}.Release|x64.Build.0 = Release|Any CPU
		{8DE4D502-91CF-4142-809A-9EBCB88279A9}.Release|x86.ActiveCfg = Release|Any CPU
		{8DE4D502-91CF-4142-809A-9EBCB88279A9}.Release|x86.Build.0 = Release|Any CPU
		{30768468-7293-42B5-BB89-E8E0CB73AC61}.Debug|Any CPU.ActiveCfg = Debug|Any CPU
		{30768468-7293-42B5-BB89-E8E0CB73AC61}.Debug|Any CPU.Build.0 = Debug|Any CPU
		{30768468-7293-42B5-BB89-E8E0CB73AC61}.Debug|x64.ActiveCfg = Debug|Any CPU
		{30768468-7293-42B5-BB89-E8E0CB73AC61}.Debug|x64.Build.0 = Debug|Any CPU
		{30768468-7293-42B5-BB89-E8E0CB73AC61}.Debug|x86.ActiveCfg = Debug|Any CPU
		{30768468-7293-42B5-BB89-E8E0CB73AC61}.Debug|x86.Build.0 = Debug|Any CPU
		{30768468-7293-42B5-BB89-E8E0CB73AC61}.Release|Any CPU.ActiveCfg = Release|Any CPU
		{30768468-7293-42B5-BB89-E8E0CB73AC61}.Release|Any CPU.Build.0 = Release|Any CPU
		{30768468-7293-42B5-BB89-E8E0CB73AC61}.Release|x64.ActiveCfg = Release|Any CPU
		{30768468-7293-42B5-BB89-E8E0CB73AC61}.Release|x64.Build.0 = Release|Any CPU
		{30768468-7293-42B5-BB89-E8E0CB73AC61}.Release|x86.ActiveCfg = Release|Any CPU
		{30768468-7293-42B5-BB89-E8E0CB73AC61}.Release|x86.Build.0 = Release|Any CPU
		{7393F3D2-22CC-4AAD-9F87-259451FC6E3C}.Debug|Any CPU.ActiveCfg = Debug|Any CPU
		{7393F3D2-22CC-4AAD-9F87-259451FC6E3C}.Debug|Any CPU.Build.0 = Debug|Any CPU
		{7393F3D2-22CC-4AAD-9F87-259451FC6E3C}.Debug|x64.ActiveCfg = Debug|Any CPU
		{7393F3D2-22CC-4AAD-9F87-259451FC6E3C}.Debug|x64.Build.0 = Debug|Any CPU
		{7393F3D2-22CC-4AAD-9F87-259451FC6E3C}.Debug|x86.ActiveCfg = Debug|Any CPU
		{7393F3D2-22CC-4AAD-9F87-259451FC6E3C}.Debug|x86.Build.0 = Debug|Any CPU
		{7393F3D2-22CC-4AAD-9F87-259451FC6E3C}.Release|Any CPU.ActiveCfg = Release|Any CPU
		{7393F3D2-22CC-4AAD-9F87-259451FC6E3C}.Release|Any CPU.Build.0 = Release|Any CPU
		{7393F3D2-22CC-4AAD-9F87-259451FC6E3C}.Release|x64.ActiveCfg = Release|Any CPU
		{7393F3D2-22CC-4AAD-9F87-259451FC6E3C}.Release|x64.Build.0 = Release|Any CPU
		{7393F3D2-22CC-4AAD-9F87-259451FC6E3C}.Release|x86.ActiveCfg = Release|Any CPU
		{7393F3D2-22CC-4AAD-9F87-259451FC6E3C}.Release|x86.Build.0 = Release|Any CPU
		{A1224225-13A6-4AB7-986B-E127D3FCA7A1}.Debug|Any CPU.ActiveCfg = Debug|Any CPU
		{A1224225-13A6-4AB7-986B-E127D3FCA7A1}.Debug|Any CPU.Build.0 = Debug|Any CPU
		{A1224225-13A6-4AB7-986B-E127D3FCA7A1}.Debug|x64.ActiveCfg = Debug|Any CPU
		{A1224225-13A6-4AB7-986B-E127D3FCA7A1}.Debug|x64.Build.0 = Debug|Any CPU
		{A1224225-13A6-4AB7-986B-E127D3FCA7A1}.Debug|x86.ActiveCfg = Debug|Any CPU
		{A1224225-13A6-4AB7-986B-E127D3FCA7A1}.Debug|x86.Build.0 = Debug|Any CPU
		{A1224225-13A6-4AB7-986B-E127D3FCA7A1}.Release|Any CPU.ActiveCfg = Release|Any CPU
		{A1224225-13A6-4AB7-986B-E127D3FCA7A1}.Release|Any CPU.Build.0 = Release|Any CPU
		{A1224225-13A6-4AB7-986B-E127D3FCA7A1}.Release|x64.ActiveCfg = Release|Any CPU
		{A1224225-13A6-4AB7-986B-E127D3FCA7A1}.Release|x64.Build.0 = Release|Any CPU
		{A1224225-13A6-4AB7-986B-E127D3FCA7A1}.Release|x86.ActiveCfg = Release|Any CPU
		{A1224225-13A6-4AB7-986B-E127D3FCA7A1}.Release|x86.Build.0 = Release|Any CPU
		{5FBBD0A8-DFFA-4116-9110-16CBC584D467}.Debug|Any CPU.ActiveCfg = Debug|Any CPU
		{5FBBD0A8-DFFA-4116-9110-16CBC584D467}.Debug|Any CPU.Build.0 = Debug|Any CPU
		{5FBBD0A8-DFFA-4116-9110-16CBC584D467}.Debug|x64.ActiveCfg = Debug|Any CPU
		{5FBBD0A8-DFFA-4116-9110-16CBC584D467}.Debug|x64.Build.0 = Debug|Any CPU
		{5FBBD0A8-DFFA-4116-9110-16CBC584D467}.Debug|x86.ActiveCfg = Debug|Any CPU
		{5FBBD0A8-DFFA-4116-9110-16CBC584D467}.Debug|x86.Build.0 = Debug|Any CPU
		{5FBBD0A8-DFFA-4116-9110-16CBC584D467}.Release|Any CPU.ActiveCfg = Release|Any CPU
		{5FBBD0A8-DFFA-4116-9110-16CBC584D467}.Release|Any CPU.Build.0 = Release|Any CPU
		{5FBBD0A8-DFFA-4116-9110-16CBC584D467}.Release|x64.ActiveCfg = Release|Any CPU
		{5FBBD0A8-DFFA-4116-9110-16CBC584D467}.Release|x64.Build.0 = Release|Any CPU
		{5FBBD0A8-DFFA-4116-9110-16CBC584D467}.Release|x86.ActiveCfg = Release|Any CPU
		{5FBBD0A8-DFFA-4116-9110-16CBC584D467}.Release|x86.Build.0 = Release|Any CPU
	EndGlobalSection
	GlobalSection(SolutionProperties) = preSolution
		HideSolutionNode = FALSE
	EndGlobalSection
	GlobalSection(NestedProjects) = preSolution
		{D66A95EF-1873-429E-AA39-C2DF5AE3A207} = {827E0CD3-B72D-47B6-A68D-7590B98EB39B}
		{509301FB-6287-4291-AD87-92B648970504} = {827E0CD3-B72D-47B6-A68D-7590B98EB39B}
		{0CCA5C57-CB4E-4C45-96B6-620221CB0E48} = {827E0CD3-B72D-47B6-A68D-7590B98EB39B}
		{660CF15C-FC53-4EFC-A337-AF31D5DF647C} = {827E0CD3-B72D-47B6-A68D-7590B98EB39B}
		{C7D30B51-42BA-4553-8770-F39B35113D3C} = {827E0CD3-B72D-47B6-A68D-7590B98EB39B}
		{A4BA3164-E2C1-48B6-893E-07B85D366973} = {827E0CD3-B72D-47B6-A68D-7590B98EB39B}
		{C19ADA4F-FB5D-4C2F-8C18-D51D245B6ACF} = {827E0CD3-B72D-47B6-A68D-7590B98EB39B}
		{91B958E1-90E1-424E-9F99-05B0F60A4FE1} = {827E0CD3-B72D-47B6-A68D-7590B98EB39B}
		{F2BCE9CF-AE00-4B41-BE21-8DA1A0B8FCE5} = {827E0CD3-B72D-47B6-A68D-7590B98EB39B}
		{6E389300-334E-4EFD-9984-B38C28320945} = {827E0CD3-B72D-47B6-A68D-7590B98EB39B}
		{72C4630E-C96C-4E3C-9B2A-DC53C7F6B25A} = {827E0CD3-B72D-47B6-A68D-7590B98EB39B}
		{9DB024D9-BEF7-4E9A-98AF-40BFA31FBBBB} = {827E0CD3-B72D-47B6-A68D-7590B98EB39B}
		{33158B1C-2C50-4489-A501-C5AA0AE05657} = {827E0CD3-B72D-47B6-A68D-7590B98EB39B}
		{794F8F6C-42EA-4D28-A0BC-2747A032335C} = {0AB3BF05-4346-4AA6-1389-037BE0695223}
		{0B07E2C0-1985-4A6E-B2D6-EE06665A6238} = {0AB3BF05-4346-4AA6-1389-037BE0695223}
		{6E8B9537-D1DD-41F2-A250-AFB81308F108} = {0AB3BF05-4346-4AA6-1389-037BE0695223}
		{36D461D4-E5D2-406A-A0C9-3EC353C2404D} = {0AB3BF05-4346-4AA6-1389-037BE0695223}
		{A1FF0F00-A7F3-457B-830A-54B81023F0E3} = {0AB3BF05-4346-4AA6-1389-037BE0695223}
		{692A335D-FEB6-44EB-BDE0-5A07630CCF7F} = {0AB3BF05-4346-4AA6-1389-037BE0695223}
		{55FE05C4-D617-4D54-AF7E-268291BF8298} = {0AB3BF05-4346-4AA6-1389-037BE0695223}
		{8D7F5BF8-CD9F-42D8-A41F-A98EBC96A536} = {0AB3BF05-4346-4AA6-1389-037BE0695223}
		{CA4CA151-045E-4C72-9672-B7421BBDCF89} = {0AB3BF05-4346-4AA6-1389-037BE0695223}
		{8DE4D502-91CF-4142-809A-9EBCB88279A9} = {0AB3BF05-4346-4AA6-1389-037BE0695223}
		{30768468-7293-42B5-BB89-E8E0CB73AC61} = {DEE5DD87-39C1-BF34-B639-A387DCCF972B}
		{7393F3D2-22CC-4AAD-9F87-259451FC6E3C} = {5D20AA90-6969-D8BD-9DCD-8634F4692FDA}
		{A1224225-13A6-4AB7-986B-E127D3FCA7A1} = {0AB3BF05-4346-4AA6-1389-037BE0695223}
		{5FBBD0A8-DFFA-4116-9110-16CBC584D467} = {0AB3BF05-4346-4AA6-1389-037BE0695223}
	EndGlobalSection
EndGlobal
